{
  "originHash" : "02cd68ef048ed4c1e528acc3f67ace22ca98c00fca25e8ce92e896ed1040eb78",
  "pins" : [
    {
      "identity" : "swift-docc-plugin",
      "kind" : "remoteSourceControl",
      "location" : "https://github.com/swiftlang/swift-docc-plugin",
      "state" : {
        "revision" : "3e4f133a77e644a5812911a0513aeb7288b07d06",
        "version" : "1.4.5"
      }
    },
    {
      "identity" : "swift-docc-symbolkit",
      "kind" : "remoteSourceControl",
      "location" : "https://github.com/swiftlang/swift-docc-symbolkit",
      "state" : {
        "revision" : "b45d1f2ed151d057b54504d653e0da5552844e34",
        "version" : "1.0.0"
      }
    },
    {
      "identity" : "swift-retry",
      "kind" : "remoteSourceControl",
      "location" : "https://github.com/CorvidLabs/swift-retry.git",
      "state" : {
        "revision" : "fef15fa025a5b412edc2f247027e211e0b80dbbd",
        "version" : "0.1.0"
      }
    }
  ],
  "version" : 3
}
