{
  "originHash" : "d3be4c7cb1adb389a654ed7f1ff33851031e00c46e9cd02f158957e601574749",
  "pins" : [
    {
      "identity" : "swift-algorand",
      "kind" : "remoteSourceControl",
      "location" : "https://github.com/CorvidLabs/swift-algorand",
      "state" : {
        "revision" : "3c7c7f2b68dd492e12e1e5c4355ee2f16bc73a71",
        "version" : "0.3.1"
      }
    },
    {
      "identity" : "swift-asn1",
      "kind" : "remoteSourceControl",
      "location" : "https://github.com/apple/swift-asn1.git",
      "state" : {
        "revision" : "40d25bbb2fc5b557a9aa8512210bded327c0f60d",
        "version" : "1.5.0"
      }
    },
    {
      "identity" : "swift-crypto",
      "kind" : "remoteSourceControl",
      "location" : "https://github.com/apple/swift-crypto.git",
      "state" : {
        "revision" : "95ba0316a9b733e92bb6b071255ff46263bbe7dc",
        "version" : "3.15.1"
      }
    }
  ],
  "version" : 3
}
